
Microsoft Visual Studio Solution File, Format Version 12.00
# Visual Studio Version 16
VisualStudioVersion = 16.0.28803.202
MinimumVisualStudioVersion = 10.0.40219.1
Project("{FAE04EC0-301F-11D3-BF4B-00C04F79EFBC}") = "MyIoc.AutoFac", "MyIoc.AutoFac\MyIoc.AutoFac.csproj", "{7997D48F-EAC6-4AB3-8474-04C62C270806}"
EndProject
Project("{FAE04EC0-301F-11D3-BF4B-00C04F79EFBC}") = "MyIoc.Cat", "MyIoc.Cat\MyIoc.Cat.csproj", "{65E864E1-9517-423A-9CB5-5BBA58EEBACA}"
EndProject
Global
	GlobalSection(SolutionConfigurationPlatforms) = preSolution
		Debug|Any CPU = Debug|Any CPU
		Release|Any CPU = Release|Any CPU
	EndGlobalSection
	GlobalSection(ProjectConfigurationPlatforms) = postSolution
		{7997D48F-EAC6-4AB3-8474-04C62C270806}.Debug|Any CPU.ActiveCfg = Debug|Any CPU
		{7997D48F-EAC6-4AB3-8474-04C62C270806}.Debug|Any CPU.Build.0 = Debug|Any CPU
		{7997D48F-EAC6-4AB3-8474-04C62C270806}.Release|Any CPU.ActiveCfg = Release|Any CPU
		{7997D48F-EAC6-4AB3-8474-04C62C270806}.Release|Any CPU.Build.0 = Release|Any CPU
		{65E864E1-9517-423A-9CB5-5BBA58EEBACA}.Debug|Any CPU.ActiveCfg = Debug|Any CPU
		{65E864E1-9517-423A-9CB5-5BBA58EEBACA}.Debug|Any CPU.Build.0 = Debug|Any CPU
		{65E864E1-9517-423A-9CB5-5BBA58EEBACA}.Release|Any CPU.ActiveCfg = Release|Any CPU
		{65E864E1-9517-423A-9CB5-5BBA58EEBACA}.Release|Any CPU.Build.0 = Release|Any CPU
	EndGlobalSection
	GlobalSection(SolutionProperties) = preSolution
		HideSolutionNode = FALSE
	EndGlobalSection
	GlobalSection(ExtensibilityGlobals) = postSolution
		SolutionGuid = {2579A609-42E9-4AD7-B5D9-F5914AE5DF63}
	EndGlobalSection
EndGlobal
